
Microsoft Visual Studio Solution File, Format Version 12.00
Project("{F2A71F9B-5D33-465A-A702-920D77279786}") = "TypeProviders", "TypeProviders.fsproj", "{EDCDE5A9-4131-4E94-A90C-D43D2E18106B}"
EndProject
Global
	GlobalSection(SolutionConfigurationPlatforms) = preSolution
		Debug|Any CPU = Debug|Any CPU
		Release|Any CPU = Release|Any CPU
	EndGlobalSection
	GlobalSection(ProjectConfigurationPlatforms) = postSolution
		{EDCDE5A9-4131-4E94-A90C-D43D2E18106B}.Debug|Any CPU.ActiveCfg = Debug|Any CPU
		{EDCDE5A9-4131-4E94-A90C-D43D2E18106B}.Debug|Any CPU.Build.0 = Debug|Any CPU
		{EDCDE5A9-4131-4E94-A90C-D43D2E18106B}.Release|Any CPU.ActiveCfg = Release|Any CPU
		{EDCDE5A9-4131-4E94-A90C-D43D2E18106B}.Release|Any CPU.Build.0 = Release|Any CPU
	EndGlobalSection
EndGlobal
